{
  "name": "planner",
  "version": "1.0.0",
  "lockfileVersion": 3,
  "requires": true,
  "packages": {
    "": {
      "name": "planner",
      "version": "1.0.0",
      "hasInstallScript": true,
      "license": "MIT",
      "dependencies": {
        "fullcalendar": "7.0.2",
        "sortablejs": "1.15.7"
      }
    },
    "node_modules/@full-ui/headless-calendar": {
      "version": "7.0.2",
      "resolved": "https://registry.npmjs.org/@full-ui/headless-calendar/-/headless-calendar-7.0.2.tgz",
      "integrity": "sha512-i6UlTNjBVuiBca5Sq6OoLxFqK6eaQ/v1XOLObjRkzXLuSuNn+qs9/dUvlzrbeesn7QbRH7+u7lyvlQyq8WvmGA==",
      "license": "MIT",
      "peerDependencies": {
        "temporal-polyfill": "^1.0.1"
      }
    },
    "node_modules/@fullcalendar/core": {
      "version": "7.0.2",
      "resolved": "https://registry.npmjs.org/@fullcalendar/core/-/core-7.0.2.tgz",
      "integrity": "sha512-EkhE1wkPttp5kKNmUNLsMwl8nUuQmLdj30SPKagOEWMJUE4AHETAu/F/SbYoRq+nksm2GWPe9cQs1kbQP2H9pA==",
      "license": "MIT",
      "peerDependencies": {
        "@full-ui/headless-calendar": "7.0.2",
        "temporal-polyfill": "^1.0.1"
      }
    },
    "node_modules/fullcalendar": {
      "version": "7.0.2",
      "resolved": "https://registry.npmjs.org/fullcalendar/-/fullcalendar-7.0.2.tgz",
      "integrity": "sha512-xqt/4CrnabOUVfu5PExyc6plbwH8QA1jAusRw6JOUfS+BmpA19W74lNLDty6EO0H+2cm/qVMza4TgQiJLHPAqQ==",
      "license": "MIT",
      "dependencies": {
        "@full-ui/headless-calendar": "7.0.2",
        "@fullcalendar/core": "7.0.2",
        "preact": "^10.29.0"
      },
      "peerDependencies": {
        "temporal-polyfill": "^1.0.1"
      }
    },
    "node_modules/preact": {
      "version": "10.29.8",
      "resolved": "https://registry.npmjs.org/preact/-/preact-10.29.8.tgz",
      "integrity": "sha512-ej2aVZ+vZ8WO7tvlQWRM9N63A0KzF9q4mWJfDUHgYaIofWY9hu74QdnQrjoPMmZi2/nZ5gN0bJCQF49xQqx09Q==",
      "license": "MIT",
      "funding": {
        "type": "opencollective",
        "url": "https://opencollective.com/preact"
      },
      "peerDependencies": {
        "preact-render-to-string": ">=5"
      },
      "peerDependenciesMeta": {
        "preact-render-to-string": {
          "optional": true
        }
      }
    },
    "node_modules/sortablejs": {
      "version": "1.15.7",
      "resolved": "https://registry.npmjs.org/sortablejs/-/sortablejs-1.15.7.tgz",
      "integrity": "sha512-Kk8wLQPlS+yi1ZEf48a4+fzHa4yxjC30M/Sr2AnQu+f/MPwvvX9XjZ6OWejiz8crBsLwSq8GHqaxaET7u6ux0A==",
      "license": "MIT"
    },
    "node_modules/temporal-polyfill": {
      "version": "1.0.4",
      "resolved": "https://registry.npmjs.org/temporal-polyfill/-/temporal-polyfill-1.0.4.tgz",
      "integrity": "sha512-MLEU0qOD2uXlz24oINNtdLZQl8RgmMxSnRtKEGZGGetTJjlRwQJjk+VsJ4EREaUoiaTb8NJOcUiKtoAiWn9EBg==",
      "license": "MIT",
      "peer": true,
      "dependencies": {
        "temporal-spec": "1.0.1",
        "temporal-utils": "1.0.2"
      }
    },
    "node_modules/temporal-spec": {
      "version": "1.0.1",
      "resolved": "https://registry.npmjs.org/temporal-spec/-/temporal-spec-1.0.1.tgz",
      "integrity": "sha512-wxVoanmDeavXie1vu2JaQ3WIc3JZnWAOYFBsJyATaVsXsycKYUflGsyBmrRSnoCpZJpwPyr38VpgSUlQ8CbFxg==",
      "license": "Apache-2.0",
      "peer": true
    },
    "node_modules/temporal-utils": {
      "version": "1.0.2",
      "resolved": "https://registry.npmjs.org/temporal-utils/-/temporal-utils-1.0.2.tgz",
      "integrity": "sha512-1B8Dl4KzrOvsNUlpoWGno2VLQlxroLjDgc5NBjVC9ax9ymdo+ezfyvhyjEMx+IVfhINr6CIG2gcnlP95iRrybQ==",
      "license": "MIT",
      "peer": true
    }
  }
}
